
Microsoft Visual Studio Solution File, Format Version 12.00
# Visual Studio 15
VisualStudioVersion = 15.0.26124.0
MinimumVisualStudioVersion = 15.0.26124.0
Project("{2150E333-8FDC-42A3-9474-1A3956D46DE8}") = "src", "src", "{D4898DEA-5666-4FEB-B290-1342FF833F7A}"
EndProject
Project("{FAE04EC0-301F-11D3-BF4B-00C04F79EFBC}") = "VocabularySpider", "src\VocabularySpider\VocabularySpider.csproj", "{E4B69032-88F0-4ED5-98FE-384F9D6F3B77}"
EndProject
Project("{2150E333-8FDC-42A3-9474-1A3956D46DE8}") = "test", "test", "{761C3433-6F2C-4143-BBDD-CE471AABB785}"
EndProject
Project("{FAE04EC0-301F-11D3-BF4B-00C04F79EFBC}") = "VocabularySpider.Tests", "test\VocabularySpider.Tests\VocabularySpider.Tests.csproj", "{C7CACA40-47BF-4664-80ED-7790626D4EC8}"
EndProject
Project("{FAE04EC0-301F-11D3-BF4B-00C04F79EFBC}") = "VocabularySpider.BL", "src\VocabularySpider.BL\VocabularySpider.BL.csproj", "{A7AD4EBC-99FF-443F-BC96-F46E8BBA5774}"
EndProject
Project("{FAE04EC0-301F-11D3-BF4B-00C04F79EFBC}") = "VocabularySpider.Data", "src\VocabularySpider.Data\VocabularySpider.Data.csproj", "{38354623-59A8-4F8E-B14D-5F80C8A23B6F}"
EndProject
Global
	GlobalSection(SolutionConfigurationPlatforms) = preSolution
		Debug|Any CPU = Debug|Any CPU
		Debug|x64 = Debug|x64
		Debug|x86 = Debug|x86
		Release|Any CPU = Release|Any CPU
		Release|x64 = Release|x64
		Release|x86 = Release|x86
	EndGlobalSection
	GlobalSection(SolutionProperties) = preSolution
		HideSolutionNode = FALSE
	EndGlobalSection
	GlobalSection(ProjectConfigurationPlatforms) = postSolution
		{E4B69032-88F0-4ED5-98FE-384F9D6F3B77}.Debug|Any CPU.ActiveCfg = Debug|Any CPU
		{E4B69032-88F0-4ED5-98FE-384F9D6F3B77}.Debug|Any CPU.Build.0 = Debug|Any CPU
		{E4B69032-88F0-4ED5-98FE-384F9D6F3B77}.Debug|x64.ActiveCfg = Debug|Any CPU
		{E4B69032-88F0-4ED5-98FE-384F9D6F3B77}.Debug|x64.Build.0 = Debug|Any CPU
		{E4B69032-88F0-4ED5-98FE-384F9D6F3B77}.Debug|x86.ActiveCfg = Debug|Any CPU
		{E4B69032-88F0-4ED5-98FE-384F9D6F3B77}.Debug|x86.Build.0 = Debug|Any CPU
		{E4B69032-88F0-4ED5-98FE-384F9D6F3B77}.Release|Any CPU.ActiveCfg = Release|Any CPU
		{E4B69032-88F0-4ED5-98FE-384F9D6F3B77}.Release|Any CPU.Build.0 = Release|Any CPU
		{E4B69032-88F0-4ED5-98FE-384F9D6F3B77}.Release|x64.ActiveCfg = Release|Any CPU
		{E4B69032-88F0-4ED5-98FE-384F9D6F3B77}.Release|x64.Build.0 = Release|Any CPU
		{E4B69032-88F0-4ED5-98FE-384F9D6F3B77}.Release|x86.ActiveCfg = Release|Any CPU
		{E4B69032-88F0-4ED5-98FE-384F9D6F3B77}.Release|x86.Build.0 = Release|Any CPU
		{C7CACA40-47BF-4664-80ED-7790626D4EC8}.Debug|Any CPU.ActiveCfg = Debug|Any CPU
		{C7CACA40-47BF-4664-80ED-7790626D4EC8}.Debug|Any CPU.Build.0 = Debug|Any CPU
		{C7CACA40-47BF-4664-80ED-7790626D4EC8}.Debug|x64.ActiveCfg = Debug|Any CPU
		{C7CACA40-47BF-4664-80ED-7790626D4EC8}.Debug|x64.Build.0 = Debug|Any CPU
		{C7CACA40-47BF-4664-80ED-7790626D4EC8}.Debug|x86.ActiveCfg = Debug|Any CPU
		{C7CACA40-47BF-4664-80ED-7790626D4EC8}.Debug|x86.Build.0 = Debug|Any CPU
		{C7CACA40-47BF-4664-80ED-7790626D4EC8}.Release|Any CPU.ActiveCfg = Release|Any CPU
		{C7CACA40-47BF-4664-80ED-7790626D4EC8}.Release|Any CPU.Build.0 = Release|Any CPU
		{C7CACA40-47BF-4664-80ED-7790626D4EC8}.Release|x64.ActiveCfg = Release|Any CPU
		{C7CACA40-47BF-4664-80ED-7790626D4EC8}.Release|x64.Build.0 = Release|Any CPU
		{C7CACA40-47BF-4664-80ED-7790626D4EC8}.Release|x86.ActiveCfg = Release|Any CPU
		{C7CACA40-47BF-4664-80ED-7790626D4EC8}.Release|x86.Build.0 = Release|Any CPU
		{A7AD4EBC-99FF-443F-BC96-F46E8BBA5774}.Debug|Any CPU.ActiveCfg = Debug|Any CPU
		{A7AD4EBC-99FF-443F-BC96-F46E8BBA5774}.Debug|Any CPU.Build.0 = Debug|Any CPU
		{A7AD4EBC-99FF-443F-BC96-F46E8BBA5774}.Debug|x64.ActiveCfg = Debug|Any CPU
		{A7AD4EBC-99FF-443F-BC96-F46E8BBA5774}.Debug|x64.Build.0 = Debug|Any CPU
		{A7AD4EBC-99FF-443F-BC96-F46E8BBA5774}.Debug|x86.ActiveCfg = Debug|Any CPU
		{A7AD4EBC-99FF-443F-BC96-F46E8BBA5774}.Debug|x86.Build.0 = Debug|Any CPU
		{A7AD4EBC-99FF-443F-BC96-F46E8BBA5774}.Release|Any CPU.ActiveCfg = Release|Any CPU
		{A7AD4EBC-99FF-443F-BC96-F46E8BBA5774}.Release|Any CPU.Build.0 = Release|Any CPU
		{A7AD4EBC-99FF-443F-BC96-F46E8BBA5774}.Release|x64.ActiveCfg = Release|Any CPU
		{A7AD4EBC-99FF-443F-BC96-F46E8BBA5774}.Release|x64.Build.0 = Release|Any CPU
		{A7AD4EBC-99FF-443F-BC96-F46E8BBA5774}.Release|x86.ActiveCfg = Release|Any CPU
		{A7AD4EBC-99FF-443F-BC96-F46E8BBA5774}.Release|x86.Build.0 = Release|Any CPU
		{38354623-59A8-4F8E-B14D-5F80C8A23B6F}.Debug|Any CPU.ActiveCfg = Debug|Any CPU
		{38354623-59A8-4F8E-B14D-5F80C8A23B6F}.Debug|Any CPU.Build.0 = Debug|Any CPU
		{38354623-59A8-4F8E-B14D-5F80C8A23B6F}.Debug|x64.ActiveCfg = Debug|Any CPU
		{38354623-59A8-4F8E-B14D-5F80C8A23B6F}.Debug|x64.Build.0 = Debug|Any CPU
		{38354623-59A8-4F8E-B14D-5F80C8A23B6F}.Debug|x86.ActiveCfg = Debug|Any CPU
		{38354623-59A8-4F8E-B14D-5F80C8A23B6F}.Debug|x86.Build.0 = Debug|Any CPU
		{38354623-59A8-4F8E-B14D-5F80C8A23B6F}.Release|Any CPU.ActiveCfg = Release|Any CPU
		{38354623-59A8-4F8E-B14D-5F80C8A23B6F}.Release|Any CPU.Build.0 = Release|Any CPU
		{38354623-59A8-4F8E-B14D-5F80C8A23B6F}.Release|x64.ActiveCfg = Release|Any CPU
		{38354623-59A8-4F8E-B14D-5F80C8A23B6F}.Release|x64.Build.0 = Release|Any CPU
		{38354623-59A8-4F8E-B14D-5F80C8A23B6F}.Release|x86.ActiveCfg = Release|Any CPU
		{38354623-59A8-4F8E-B14D-5F80C8A23B6F}.Release|x86.Build.0 = Release|Any CPU
	EndGlobalSection
	GlobalSection(NestedProjects) = preSolution
		{E4B69032-88F0-4ED5-98FE-384F9D6F3B77} = {D4898DEA-5666-4FEB-B290-1342FF833F7A}
		{C7CACA40-47BF-4664-80ED-7790626D4EC8} = {761C3433-6F2C-4143-BBDD-CE471AABB785}
		{A7AD4EBC-99FF-443F-BC96-F46E8BBA5774} = {D4898DEA-5666-4FEB-B290-1342FF833F7A}
		{38354623-59A8-4F8E-B14D-5F80C8A23B6F} = {D4898DEA-5666-4FEB-B290-1342FF833F7A}
	EndGlobalSection
EndGlobal
